// !$*UTF8*$!
{
	archiveVersion = 1;
	classes = {
	};
	objectVersion = 56;
	objects = {

/* Begin PBXBuildFile section */
		A1B2C3D41E00000100000001 /* TheWallSampleApp.swift in Sources */ = {isa = PBXBuildFile; fileRef = A1B2C3D11E00000100000001 /* TheWallSampleApp.swift */; };
		A1B2C3D51E00000100000001 /* TheWallSampleRootView.swift in Sources */ = {isa = PBXBuildFile; fileRef = A1B2C3D21E00000100000001 /* TheWallSampleRootView.swift */; };
/* End PBXBuildFile section */

/* Begin PBXFileReference section */
		A1B2C3CF1E00000100000001 /* sample-ios.app */ = {isa = PBXFileReference; explicitFileType = wrapper.application; includeInIndex = 0; path = "sample-ios.app"; sourceTree = BUILT_PRODUCTS_DIR; };
		A1B2C3D11E00000100000001 /* TheWallSampleApp.swift */ = {isa = PBXFileReference; lastKnownFileType = sourcecode.swift; path = TheWallSampleApp.swift; sourceTree = "<group>"; };
		A1B2C3D21E00000100000001 /* TheWallSampleRootView.swift */ = {isa = PBXFileReference; lastKnownFileType = sourcecode.swift; path = TheWallSampleRootView.swift; sourceTree = "<group>"; };
/* End PBXFileReference section */

/* Begin PBXFrameworksBuildPhase section */
		A1B2C3CC1E00000100000001 /* Frameworks */ = {
			isa = PBXFrameworksBuildPhase;
			buildActionMask = 2147483647;
			files = (
			);
			runOnlyForDeploymentPostprocessing = 0;
		};
/* End PBXFrameworksBuildPhase section */

/* Begin PBXGroup section */
		A1B2C3C61E00000100000001 = {
			isa = PBXGroup;
			children = (
				A1B2C3D01E00000100000001 /* App */,
				A1B2C3CE1E00000100000001 /* Products */,
			);
			sourceTree = "<group>";
		};
		A1B2C3CE1E00000100000001 /* Products */ = {
			isa = PBXGroup;
			children = (
				A1B2C3CF1E00000100000001 /* sample-ios.app */,
			);
			name = Products;
			sourceTree = "<group>";
		};
		A1B2C3D01E00000100000001 /* App */ = {
			isa = PBXGroup;
			children = (
				A1B2C3D11E00000100000001 /* TheWallSampleApp.swift */,
				A1B2C3D21E00000100000001 /* TheWallSampleRootView.swift */,
			);
			path = App;
			sourceTree = "<group>";
		};
/* End PBXGroup section */

/* Begin PBXNativeTarget section */
		A1B2C3CB1E00000100000001 /* sample-ios */ = {
			isa = PBXNativeTarget;
			buildConfigurationList = A1B2C3DB1E00000100000001 /* Build configuration list for PBXNativeTarget "sample-ios" */;
			buildPhases = (
				A1B2C3D61E00000100000001 /* Build shared sample framework */,
				A1B2C3CD1E00000100000001 /* Sources */,
				A1B2C3CC1E00000100000001 /* Frameworks */,
				A1B2C3D91E00000100000001 /* Resources */,
			);
			buildRules = (
			);
			dependencies = (
			);
			name = "sample-ios";
			productName = "sample-ios";
			productReference = A1B2C3CF1E00000100000001 /* sample-ios.app */;
			productType = "com.apple.product-type.application";
		};
/* End PBXNativeTarget section */

/* Begin PBXProject section */
		A1B2C3C71E00000100000001 /* Project object */ = {
			isa = PBXProject;
			attributes = {
				BuildIndependentTargetsInParallel = 1;
				LastSwiftUpdateCheck = 1600;
				LastUpgradeCheck = 2600;
				TargetAttributes = {
					A1B2C3CB1E00000100000001 = {
						CreatedOnToolsVersion = 16.0;
					};
				};
			};
			buildConfigurationList = A1B2C3CA1E00000100000001 /* Build configuration list for PBXProject "sample-ios" */;
			compatibilityVersion = "Xcode 14.0";
			developmentRegion = en;
			hasScannedForEncodings = 0;
			knownRegions = (
				en,
				Base,
			);
			mainGroup = A1B2C3C61E00000100000001;
			productRefGroup = A1B2C3CE1E00000100000001 /* Products */;
			projectDirPath = "";
			projectRoot = "";
			targets = (
				A1B2C3CB1E00000100000001 /* sample-ios */,
			);
		};
/* End PBXProject section */

/* Begin PBXResourcesBuildPhase section */
		A1B2C3D91E00000100000001 /* Resources */ = {
			isa = PBXResourcesBuildPhase;
			buildActionMask = 2147483647;
			files = (
			);
			runOnlyForDeploymentPostprocessing = 0;
		};
/* End PBXResourcesBuildPhase section */

/* Begin PBXShellScriptBuildPhase section */
		A1B2C3D61E00000100000001 /* Build shared sample framework */ = {
			isa = PBXShellScriptBuildPhase;
			buildActionMask = 2147483647;
			files = (
			);
			inputFileListPaths = (
			);
			inputPaths = (
			);
			name = "Build shared sample framework";
			outputFileListPaths = (
			);
			outputPaths = (
				"$(SRCROOT)/build/kotlin-framework/$(CONFIGURATION)-$(PLATFORM_NAME)/TheWallSampleShared.framework/TheWallSampleShared",
			);
			runOnlyForDeploymentPostprocessing = 0;
			shellPath = /bin/sh;
			shellScript = "set -eu\nROOT_DIR=\"$SRCROOT/..\"\nFRAMEWORK_NAME=TheWallSampleShared.framework\nOUTPUT_DIR=\"$SRCROOT/build/kotlin-framework/${CONFIGURATION}-${PLATFORM_NAME}\"\ncd \"$ROOT_DIR\"\nif [ \"${CONFIGURATION}\" = \"Release\" ]; then\n  KOTLIN_BUILD_TYPE=Release\n  KOTLIN_DIR=releaseFramework\nelse\n  KOTLIN_BUILD_TYPE=Debug\n  KOTLIN_DIR=debugFramework\nfi\nrm -rf \"$OUTPUT_DIR\"\nmkdir -p \"$OUTPUT_DIR\"\ncase \"$SDK_NAME\" in\n  iphoneos*)\n    ./gradlew \":sample-shared:link${KOTLIN_BUILD_TYPE}FrameworkIosArm64\"\n    /usr/bin/ditto \"$ROOT_DIR/sample-shared/build/bin/iosArm64/$KOTLIN_DIR/$FRAMEWORK_NAME\" \"$OUTPUT_DIR/$FRAMEWORK_NAME\"\n    ;;\n  *)\n    ./gradlew \":sample-shared:link${KOTLIN_BUILD_TYPE}FrameworkIosSimulatorArm64\" \":sample-shared:link${KOTLIN_BUILD_TYPE}FrameworkIosX64\"\n    ARM64_FRAMEWORK=\"$ROOT_DIR/sample-shared/build/bin/iosSimulatorArm64/$KOTLIN_DIR/$FRAMEWORK_NAME\"\n    X64_FRAMEWORK=\"$ROOT_DIR/sample-shared/build/bin/iosX64/$KOTLIN_DIR/$FRAMEWORK_NAME\"\n    /usr/bin/ditto \"$ARM64_FRAMEWORK\" \"$OUTPUT_DIR/$FRAMEWORK_NAME\"\n    /usr/bin/lipo -create \"$ARM64_FRAMEWORK/TheWallSampleShared\" \"$X64_FRAMEWORK/TheWallSampleShared\" -output \"$OUTPUT_DIR/$FRAMEWORK_NAME/TheWallSampleShared\"\n    ;;\nesac\n";
			showEnvVarsInLog = 0;
		};
/* End PBXShellScriptBuildPhase section */

/* Begin PBXSourcesBuildPhase section */
		A1B2C3CD1E00000100000001 /* Sources */ = {
			isa = PBXSourcesBuildPhase;
			buildActionMask = 2147483647;
			files = (
				A1B2C3D41E00000100000001 /* TheWallSampleApp.swift in Sources */,
				A1B2C3D51E00000100000001 /* TheWallSampleRootView.swift in Sources */,
			);
			runOnlyForDeploymentPostprocessing = 0;
		};
/* End PBXSourcesBuildPhase section */

/* Begin XCBuildConfiguration section */
		A1B2C3D71E00000100000001 /* Debug */ = {
			isa = XCBuildConfiguration;
			buildSettings = {
				ALWAYS_SEARCH_USER_PATHS = NO;
				CLANG_ENABLE_MODULES = YES;
				CLANG_WARN_BLOCK_CAPTURE_AUTORELEASING = YES;
				CLANG_WARN_BOOL_CONVERSION = YES;
				CLANG_WARN_COMMA = YES;
				CLANG_WARN_CONSTANT_CONVERSION = YES;
				CLANG_WARN_DEPRECATED_OBJC_IMPLEMENTATIONS = YES;
				CLANG_WARN_EMPTY_BODY = YES;
				CLANG_WARN_ENUM_CONVERSION = YES;
				CLANG_WARN_INFINITE_RECURSION = YES;
				CLANG_WARN_INT_CONVERSION = YES;
				CLANG_WARN_NON_LITERAL_NULL_CONVERSION = YES;
				CLANG_WARN_OBJC_IMPLICIT_RETAIN_SELF = YES;
				CLANG_WARN_OBJC_LITERAL_CONVERSION = YES;
				CLANG_WARN_QUOTED_INCLUDE_IN_FRAMEWORK_HEADER = YES;
				CLANG_WARN_RANGE_LOOP_ANALYSIS = YES;
				CLANG_WARN_STRICT_PROTOTYPES = YES;
				CLANG_WARN_SUSPICIOUS_MOVE = YES;
				CLANG_WARN_UNREACHABLE_CODE = YES;
				CLANG_WARN__DUPLICATE_METHOD_MATCH = YES;
				COPY_PHASE_STRIP = NO;
				DEBUG_INFORMATION_FORMAT = dwarf;
				DEVELOPMENT_TEAM = 9S95C26JN6;
				ENABLE_STRICT_OBJC_MSGSEND = YES;
				ENABLE_TESTABILITY = YES;
				ENABLE_USER_SCRIPT_SANDBOXING = NO;
				GCC_C_LANGUAGE_STANDARD = gnu17;
				GCC_NO_COMMON_BLOCKS = YES;
				GCC_WARN_64_TO_32_BIT_CONVERSION = YES;
				GCC_WARN_ABOUT_RETURN_TYPE = YES_ERROR;
				GCC_WARN_UNDECLARED_SELECTOR = YES;
				GCC_WARN_UNINITIALIZED_AUTOS = YES_AGGRESSIVE;
				GCC_WARN_UNUSED_FUNCTION = YES;
				GCC_WARN_UNUSED_VARIABLE = YES;
				ONLY_ACTIVE_ARCH = YES;
				SDKROOT = iphoneos;
				STRING_CATALOG_GENERATE_SYMBOLS = YES;
				SWIFT_ACTIVE_COMPILATION_CONDITIONS = DEBUG;
				SWIFT_VERSION = 5.0;
			};
			name = Debug;
		};
		A1B2C3D81E00000100000001 /* Release */ = {
			isa = XCBuildConfiguration;
			buildSettings = {
				ALWAYS_SEARCH_USER_PATHS = NO;
				CLANG_ENABLE_MODULES = YES;
				CLANG_WARN_BLOCK_CAPTURE_AUTORELEASING = YES;
				CLANG_WARN_BOOL_CONVERSION = YES;
				CLANG_WARN_COMMA = YES;
				CLANG_WARN_CONSTANT_CONVERSION = YES;
				CLANG_WARN_DEPRECATED_OBJC_IMPLEMENTATIONS = YES;
				CLANG_WARN_EMPTY_BODY = YES;
				CLANG_WARN_ENUM_CONVERSION = YES;
				CLANG_WARN_INFINITE_RECURSION = YES;
				CLANG_WARN_INT_CONVERSION = YES;
				CLANG_WARN_NON_LITERAL_NULL_CONVERSION = YES;
				CLANG_WARN_OBJC_IMPLICIT_RETAIN_SELF = YES;
				CLANG_WARN_OBJC_LITERAL_CONVERSION = YES;
				CLANG_WARN_QUOTED_INCLUDE_IN_FRAMEWORK_HEADER = YES;
				CLANG_WARN_RANGE_LOOP_ANALYSIS = YES;
				CLANG_WARN_STRICT_PROTOTYPES = YES;
				CLANG_WARN_SUSPICIOUS_MOVE = YES;
				CLANG_WARN_UNREACHABLE_CODE = YES;
				CLANG_WARN__DUPLICATE_METHOD_MATCH = YES;
				COPY_PHASE_STRIP = NO;
				DEBUG_INFORMATION_FORMAT = "dwarf-with-dsym";
				DEVELOPMENT_TEAM = 9S95C26JN6;
				ENABLE_NS_ASSERTIONS = NO;
				ENABLE_STRICT_OBJC_MSGSEND = YES;
				ENABLE_USER_SCRIPT_SANDBOXING = NO;
				GCC_C_LANGUAGE_STANDARD = gnu17;
				GCC_NO_COMMON_BLOCKS = YES;
				GCC_WARN_64_TO_32_BIT_CONVERSION = YES;
				GCC_WARN_ABOUT_RETURN_TYPE = YES_ERROR;
				GCC_WARN_UNDECLARED_SELECTOR = YES;
				GCC_WARN_UNINITIALIZED_AUTOS = YES_AGGRESSIVE;
				GCC_WARN_UNUSED_FUNCTION = YES;
				GCC_WARN_UNUSED_VARIABLE = YES;
				SDKROOT = iphoneos;
				STRING_CATALOG_GENERATE_SYMBOLS = YES;
				SWIFT_COMPILATION_MODE = wholemodule;
				SWIFT_VERSION = 5.0;
			};
			name = Release;
		};
		A1B2C3DC1E00000100000001 /* Debug */ = {
			isa = XCBuildConfiguration;
			buildSettings = {
				ASSETCATALOG_COMPILER_APPICON_NAME = "";
				CLANG_ENABLE_MODULES = YES;
				CLANG_ENABLE_OBJC_WEAK = YES;
				CODE_SIGNING_ALLOWED = YES;
				CODE_SIGNING_REQUIRED = YES;
				CODE_SIGN_IDENTITY = "Apple Development";
				CODE_SIGN_STYLE = Automatic;
				CURRENT_PROJECT_VERSION = 1;
				DEVELOPMENT_ASSET_PATHS = "";
				DEVELOPMENT_TEAM = 9S95C26JN6;
				ENABLE_PREVIEWS = YES;
				FRAMEWORK_SEARCH_PATHS = (
					"$(inherited)",
					"$(SRCROOT)/build/kotlin-framework/$(CONFIGURATION)-$(PLATFORM_NAME)",
				);
					GENERATE_INFOPLIST_FILE = NO;
					INFOPLIST_FILE = App/Info.plist;
				IPHONEOS_DEPLOYMENT_TARGET = 15.0;
				LD_RUNPATH_SEARCH_PATHS = (
					"$(inherited)",
					"@executable_path/Frameworks",
				);
				MARKETING_VERSION = 1.0;
				OTHER_LDFLAGS = (
					"$(inherited)",
					"-ObjC",
					"-framework",
					TheWallSampleShared,
				);
				PRODUCT_BUNDLE_IDENTIFIER = com.thevinesh.thewall.sample.ios;
				PRODUCT_NAME = "$(TARGET_NAME)";
				PROVISIONING_PROFILE_SPECIFIER = "";
				SUPPORTED_PLATFORMS = "iphoneos iphonesimulator";
				SWIFT_EMIT_LOC_STRINGS = YES;
				SWIFT_VERSION = 5.0;
				TARGETED_DEVICE_FAMILY = "1,2";
			};
			name = Debug;
		};
		A1B2C3DD1E00000100000001 /* Release */ = {
			isa = XCBuildConfiguration;
			buildSettings = {
				ASSETCATALOG_COMPILER_APPICON_NAME = "";
				CLANG_ENABLE_MODULES = YES;
				CLANG_ENABLE_OBJC_WEAK = YES;
				CODE_SIGNING_ALLOWED = YES;
				CODE_SIGNING_REQUIRED = YES;
				CODE_SIGN_IDENTITY = "Apple Development";
				CODE_SIGN_STYLE = Automatic;
				CURRENT_PROJECT_VERSION = 1;
				DEVELOPMENT_ASSET_PATHS = "";
				DEVELOPMENT_TEAM = 9S95C26JN6;
				ENABLE_PREVIEWS = YES;
				FRAMEWORK_SEARCH_PATHS = (
					"$(inherited)",
					"$(SRCROOT)/build/kotlin-framework/$(CONFIGURATION)-$(PLATFORM_NAME)",
				);
					GENERATE_INFOPLIST_FILE = NO;
					INFOPLIST_FILE = App/Info.plist;
				IPHONEOS_DEPLOYMENT_TARGET = 15.0;
				LD_RUNPATH_SEARCH_PATHS = (
					"$(inherited)",
					"@executable_path/Frameworks",
				);
				MARKETING_VERSION = 1.0;
				OTHER_LDFLAGS = (
					"$(inherited)",
					"-ObjC",
					"-framework",
					TheWallSampleShared,
				);
				PRODUCT_BUNDLE_IDENTIFIER = com.thevinesh.thewall.sample.ios;
				PRODUCT_NAME = "$(TARGET_NAME)";
				PROVISIONING_PROFILE_SPECIFIER = "";
				SUPPORTED_PLATFORMS = "iphoneos iphonesimulator";
				SWIFT_EMIT_LOC_STRINGS = YES;
				SWIFT_VERSION = 5.0;
				TARGETED_DEVICE_FAMILY = "1,2";
			};
			name = Release;
		};
/* End XCBuildConfiguration section */

/* Begin XCConfigurationList section */
		A1B2C3CA1E00000100000001 /* Build configuration list for PBXProject "sample-ios" */ = {
			isa = XCConfigurationList;
			buildConfigurations = (
				A1B2C3D71E00000100000001 /* Debug */,
				A1B2C3D81E00000100000001 /* Release */,
			);
			defaultConfigurationIsVisible = 0;
			defaultConfigurationName = Release;
		};
		A1B2C3DB1E00000100000001 /* Build configuration list for PBXNativeTarget "sample-ios" */ = {
			isa = XCConfigurationList;
			buildConfigurations = (
				A1B2C3DC1E00000100000001 /* Debug */,
				A1B2C3DD1E00000100000001 /* Release */,
			);
			defaultConfigurationIsVisible = 0;
			defaultConfigurationName = Release;
		};
/* End XCConfigurationList section */
	};
	rootObject = A1B2C3C71E00000100000001 /* Project object */;
}
